
Microsoft Visual Studio Solution File, Format Version 12.00
# Visual Studio Version 16
VisualStudioVersion = 16.0.31205.134
MinimumVisualStudioVersion = 10.0.40219.1
Project("{8BC9CEB8-8B4A-11D0-8D11-00A0C91BC942}") = "blackjack", "blackjack.vcxproj", "{8C2B1A49-8DB1-48D1-A496-D30F922ED7B8}"
EndProject
Project("{8BC9CEB8-8B4A-11D0-8D11-00A0C91BC942}") = "blackjackUnitTest", "..\blackjackUnitTest\blackjackUnitTest.vcxproj", "{D53C0809-78E8-4150-87B8-F3465DCFD42F}"
EndProject
Global
	GlobalSection(SolutionConfigurationPlatforms) = preSolution
		Debug|x64 = Debug|x64
		Debug|x86 = Debug|x86
		Release|x64 = Release|x64
		Release|x86 = Release|x86
	EndGlobalSection
	GlobalSection(ProjectConfigurationPlatforms) = postSolution
		{8C2B1A49-8DB1-48D1-A496-D30F922ED7B8}.Debug|x64.ActiveCfg = Debug|x64
		{8C2B1A49-8DB1-48D1-A496-D30F922ED7B8}.Debug|x64.Build.0 = Debug|x64
		{8C2B1A49-8DB1-48D1-A496-D30F922ED7B8}.Debug|x86.ActiveCfg = Debug|Win32
		{8C2B1A49-8DB1-48D1-A496-D30F922ED7B8}.Debug|x86.Build.0 = Debug|Win32
		{8C2B1A49-8DB1-48D1-A496-D30F922ED7B8}.Release|x64.ActiveCfg = Release|x64
		{8C2B1A49-8DB1-48D1-A496-D30F922ED7B8}.Release|x64.Build.0 = Release|x64
		{8C2B1A49-8DB1-48D1-A496-D30F922ED7B8}.Release|x86.ActiveCfg = Release|Win32
		{8C2B1A49-8DB1-48D1-A496-D30F922ED7B8}.Release|x86.Build.0 = Release|Win32
		{D53C0809-78E8-4150-87B8-F3465DCFD42F}.Debug|x64.ActiveCfg = Debug|x64
		{D53C0809-78E8-4150-87B8-F3465DCFD42F}.Debug|x64.Build.0 = Debug|x64
		{D53C0809-78E8-4150-87B8-F3465DCFD42F}.Debug|x86.ActiveCfg = Debug|Win32
		{D53C0809-78E8-4150-87B8-F3465DCFD42F}.Debug|x86.Build.0 = Debug|Win32
		{D53C0809-78E8-4150-87B8-F3465DCFD42F}.Release|x64.ActiveCfg = Release|x64
		{D53C0809-78E8-4150-87B8-F3465DCFD42F}.Release|x64.Build.0 = Release|x64
		{D53C0809-78E8-4150-87B8-F3465DCFD42F}.Release|x86.ActiveCfg = Release|Win32
		{D53C0809-78E8-4150-87B8-F3465DCFD42F}.Release|x86.Build.0 = Release|Win32
	EndGlobalSection
	GlobalSection(SolutionProperties) = preSolution
		HideSolutionNode = FALSE
	EndGlobalSection
	GlobalSection(ExtensibilityGlobals) = postSolution
		SolutionGuid = {55E27D14-6567-4BC9-8229-8B59AC97C1E9}
	EndGlobalSection
EndGlobal
